
Microsoft Visual Studio Solution File, Format Version 12.00
# Visual Studio Version 17
VisualStudioVersion = 17.14.36603.0 d17.14
MinimumVisualStudioVersion = 10.0.40219.1
Project("{8BC9CEB8-8B4A-11D0-8D11-00A0C91BC942}") = "Proiect1", "Proiect1.vcxproj", "{EE96ED9A-E251-4F3C-B1FE-8A234544AA86}"
EndProject
Global
	GlobalSection(SolutionConfigurationPlatforms) = preSolution
		Debug|x64 = Debug|x64
		Debug|x86 = Debug|x86
		Release|x64 = Release|x64
		Release|x86 = Release|x86
	EndGlobalSection
	GlobalSection(ProjectConfigurationPlatforms) = postSolution
		{EE96ED9A-E251-4F3C-B1FE-8A234544AA86}.Debug|x64.ActiveCfg = Debug|x64
		{EE96ED9A-E251-4F3C-B1FE-8A234544AA86}.Debug|x64.Build.0 = Debug|x64
		{EE96ED9A-E251-4F3C-B1FE-8A234544AA86}.Debug|x86.ActiveCfg = Debug|Win32
		{EE96ED9A-E251-4F3C-B1FE-8A234544AA86}.Debug|x86.Build.0 = Debug|Win32
		{EE96ED9A-E251-4F3C-B1FE-8A234544AA86}.Release|x64.ActiveCfg = Release|x64
		{EE96ED9A-E251-4F3C-B1FE-8A234544AA86}.Release|x64.Build.0 = Release|x64
		{EE96ED9A-E251-4F3C-B1FE-8A234544AA86}.Release|x86.ActiveCfg = Release|Win32
		{EE96ED9A-E251-4F3C-B1FE-8A234544AA86}.Release|x86.Build.0 = Release|Win32
	EndGlobalSection
	GlobalSection(SolutionProperties) = preSolution
		HideSolutionNode = FALSE
	EndGlobalSection
	GlobalSection(ExtensibilityGlobals) = postSolution
		SolutionGuid = {56BE219F-DE0A-4575-AE3B-4F05E7F28FE4}
	EndGlobalSection
EndGlobal
